
Microsoft Visual Studio Solution File, Format Version 12.00
# Visual Studio Version 17
VisualStudioVersion = 17.5.33209.295
MinimumVisualStudioVersion = 10.0.40219.1
Project("{9A19103F-16F7-4668-BE54-9A1E7A4F7556}") = "NeuralJourney.Server", "NeuralJourney.Server\NeuralJourney.Server.csproj", "{C6091758-A24E-432E-A281-03D9BEF04616}"
EndProject
Project("{9A19103F-16F7-4668-BE54-9A1E7A4F7556}") = "NeuralJourney.Library", "NeuralJourney.Library\NeuralJourney.Library.csproj", "{3F477593-C2EF-4231-A05E-87ACC70E8A52}"
EndProject
Project("{9A19103F-16F7-4668-BE54-9A1E7A4F7556}") = "NeuralJourney.Logic", "NeuralJourney.Logic\NeuralJourney.Logic.csproj", "{5A5ECBF5-2851-4F60-B0DC-2F3160759CA3}"
EndProject
Project("{9A19103F-16F7-4668-BE54-9A1E7A4F7556}") = "NeuralJourney.Client", "NeuralJourney.Client\NeuralJourney.Client.csproj", "{6E688CFA-A1FC-4622-8C48-9C7DA26001FB}"
EndProject
Global
	GlobalSection(SolutionConfigurationPlatforms) = preSolution
		Debug|Any CPU = Debug|Any CPU
		Release|Any CPU = Release|Any CPU
	EndGlobalSection
	GlobalSection(ProjectConfigurationPlatforms) = postSolution
		{C6091758-A24E-432E-A281-03D9BEF04616}.Debug|Any CPU.ActiveCfg = Debug|Any CPU
		{C6091758-A24E-432E-A281-03D9BEF04616}.Debug|Any CPU.Build.0 = Debug|Any CPU
		{C6091758-A24E-432E-A281-03D9BEF04616}.Release|Any CPU.ActiveCfg = Release|Any CPU
		{C6091758-A24E-432E-A281-03D9BEF04616}.Release|Any CPU.Build.0 = Release|Any CPU
		{3F477593-C2EF-4231-A05E-87ACC70E8A52}.Debug|Any CPU.ActiveCfg = Debug|Any CPU
		{3F477593-C2EF-4231-A05E-87ACC70E8A52}.Debug|Any CPU.Build.0 = Debug|Any CPU
		{3F477593-C2EF-4231-A05E-87ACC70E8A52}.Release|Any CPU.ActiveCfg = Release|Any CPU
		{3F477593-C2EF-4231-A05E-87ACC70E8A52}.Release|Any CPU.Build.0 = Release|Any CPU
		{5A5ECBF5-2851-4F60-B0DC-2F3160759CA3}.Debug|Any CPU.ActiveCfg = Debug|Any CPU
		{5A5ECBF5-2851-4F60-B0DC-2F3160759CA3}.Debug|Any CPU.Build.0 = Debug|Any CPU
		{5A5ECBF5-2851-4F60-B0DC-2F3160759CA3}.Release|Any CPU.ActiveCfg = Release|Any CPU
		{5A5ECBF5-2851-4F60-B0DC-2F3160759CA3}.Release|Any CPU.Build.0 = Release|Any CPU
		{6E688CFA-A1FC-4622-8C48-9C7DA26001FB}.Debug|Any CPU.ActiveCfg = Debug|Any CPU
		{6E688CFA-A1FC-4622-8C48-9C7DA26001FB}.Debug|Any CPU.Build.0 = Debug|Any CPU
		{6E688CFA-A1FC-4622-8C48-9C7DA26001FB}.Release|Any CPU.ActiveCfg = Release|Any CPU
		{6E688CFA-A1FC-4622-8C48-9C7DA26001FB}.Release|Any CPU.Build.0 = Release|Any CPU
	EndGlobalSection
	GlobalSection(SolutionProperties) = preSolution
		HideSolutionNode = FALSE
	EndGlobalSection
	GlobalSection(ExtensibilityGlobals) = postSolution
		SolutionGuid = {A7F1D366-D16D-4E74-857E-8BF33A7358B9}
	EndGlobalSection
EndGlobal
